
Microsoft Visual Studio Solution File, Format Version 12.00
# Visual Studio Version 17
VisualStudioVersion = 17.11.35219.272
MinimumVisualStudioVersion = 10.0.40219.1
Project("{FAE04EC0-301F-11D3-BF4B-00C04F79EFBC}") = "ASPCMVC01", "ASPCMVC01\ASPCMVC01.csproj", "{ED387C51-F458-4A15-BB9F-FAF5DCE35B95}"
EndProject
Project("{FAE04EC0-301F-11D3-BF4B-00C04F79EFBC}") = "ASPCMVC02", "ASPCMVC02\ASPCMVC02.csproj", "{FBD22226-FE29-452A-8596-F02293EBEE1B}"
EndProject
Project("{FAE04EC0-301F-11D3-BF4B-00C04F79EFBC}") = "ASPCMVC03", "ASPCMVC03\ASPCMVC03.csproj", "{51C5DE10-9F20-4680-B7D5-8D67F6A33BF2}"
EndProject
Project("{FAE04EC0-301F-11D3-BF4B-00C04F79EFBC}") = "ASPCMVC04", "ASPCMVC04\ASPCMVC04.csproj", "{CBAB1B99-A2B3-4731-91E5-1210CAC90962}"
EndProject
Project("{FAE04EC0-301F-11D3-BF4B-00C04F79EFBC}") = "ASPCMVC05", "ASPCMVC05\ASPCMVC05.csproj", "{38217962-6EF1-41FF-B5C1-212415B1F5B9}"
EndProject
Global
	GlobalSection(SolutionConfigurationPlatforms) = preSolution
		Debug|Any CPU = Debug|Any CPU
		Release|Any CPU = Release|Any CPU
	EndGlobalSection
	GlobalSection(ProjectConfigurationPlatforms) = postSolution
		{ED387C51-F458-4A15-BB9F-FAF5DCE35B95}.Debug|Any CPU.ActiveCfg = Debug|Any CPU
		{ED387C51-F458-4A15-BB9F-FAF5DCE35B95}.Debug|Any CPU.Build.0 = Debug|Any CPU
		{ED387C51-F458-4A15-BB9F-FAF5DCE35B95}.Release|Any CPU.ActiveCfg = Release|Any CPU
		{ED387C51-F458-4A15-BB9F-FAF5DCE35B95}.Release|Any CPU.Build.0 = Release|Any CPU
		{FBD22226-FE29-452A-8596-F02293EBEE1B}.Debug|Any CPU.ActiveCfg = Debug|Any CPU
		{FBD22226-FE29-452A-8596-F02293EBEE1B}.Debug|Any CPU.Build.0 = Debug|Any CPU
		{FBD22226-FE29-452A-8596-F02293EBEE1B}.Release|Any CPU.ActiveCfg = Release|Any CPU
		{FBD22226-FE29-452A-8596-F02293EBEE1B}.Release|Any CPU.Build.0 = Release|Any CPU
		{51C5DE10-9F20-4680-B7D5-8D67F6A33BF2}.Debug|Any CPU.ActiveCfg = Debug|Any CPU
		{51C5DE10-9F20-4680-B7D5-8D67F6A33BF2}.Debug|Any CPU.Build.0 = Debug|Any CPU
		{51C5DE10-9F20-4680-B7D5-8D67F6A33BF2}.Release|Any CPU.ActiveCfg = Release|Any CPU
		{51C5DE10-9F20-4680-B7D5-8D67F6A33BF2}.Release|Any CPU.Build.0 = Release|Any CPU
		{CBAB1B99-A2B3-4731-91E5-1210CAC90962}.Debug|Any CPU.ActiveCfg = Debug|Any CPU
		{CBAB1B99-A2B3-4731-91E5-1210CAC90962}.Debug|Any CPU.Build.0 = Debug|Any CPU
		{CBAB1B99-A2B3-4731-91E5-1210CAC90962}.Release|Any CPU.ActiveCfg = Release|Any CPU
		{CBAB1B99-A2B3-4731-91E5-1210CAC90962}.Release|Any CPU.Build.0 = Release|Any CPU
		{38217962-6EF1-41FF-B5C1-212415B1F5B9}.Debug|Any CPU.ActiveCfg = Debug|Any CPU
		{38217962-6EF1-41FF-B5C1-212415B1F5B9}.Debug|Any CPU.Build.0 = Debug|Any CPU
		{38217962-6EF1-41FF-B5C1-212415B1F5B9}.Release|Any CPU.ActiveCfg = Release|Any CPU
		{38217962-6EF1-41FF-B5C1-212415B1F5B9}.Release|Any CPU.Build.0 = Release|Any CPU
	EndGlobalSection
	GlobalSection(SolutionProperties) = preSolution
		HideSolutionNode = FALSE
	EndGlobalSection
	GlobalSection(ExtensibilityGlobals) = postSolution
		SolutionGuid = {17B78C89-78D1-44AA-857E-CA117F3D1BE4}
	EndGlobalSection
EndGlobal
