
Microsoft Visual Studio Solution File, Format Version 12.00
# Visual Studio Version 17
VisualStudioVersion = 17.7.34024.191
MinimumVisualStudioVersion = 10.0.40219.1
Project("{8BC9CEB8-8B4A-11D0-8D11-00A0C91BC942}") = "OS04_01", "OS04_01\OS04_01.vcxproj", "{AE8026E3-65E3-4EEF-B31F-59294FCCDB6A}"
EndProject
Project("{8BC9CEB8-8B4A-11D0-8D11-00A0C91BC942}") = "OS04_02", "OS04_02\OS04_02.vcxproj", "{FF185483-61AC-4D50-94B7-047C19212ACF}"
EndProject
Project("{8BC9CEB8-8B4A-11D0-8D11-00A0C91BC942}") = "OS04_03", "OS04_03\OS04_03.vcxproj", "{7DB2F5E1-EF9D-4CBB-8F08-E11329DA6011}"
EndProject
Project("{FAE04EC0-301F-11D3-BF4B-00C04F79EFBC}") = "OS04_04", "OS04_04\OS04_04.csproj", "{CE9284C7-7D37-4BDC-9295-DDE3DD429E21}"
EndProject
Project("{FAE04EC0-301F-11D3-BF4B-00C04F79EFBC}") = "OS04_05", "OS04_05\OS04_05.csproj", "{0CA20092-371C-433A-AC60-56839FE18B58}"
EndProject
Project("{FAE04EC0-301F-11D3-BF4B-00C04F79EFBC}") = "OS04_06", "OS04_06\OS04_06.csproj", "{E86F3780-1F0F-4BA8-B062-C6B5B2688D5A}"
EndProject
Project("{FAE04EC0-301F-11D3-BF4B-00C04F79EFBC}") = "OS04_07", "OS04_07\OS04_07.csproj", "{9E2D5532-3E6D-48E5-8F68-7ECF0FE91E40}"
EndProject
Project("{FAE04EC0-301F-11D3-BF4B-00C04F79EFBC}") = "OS04_08", "OS04_08\OS04_08.csproj", "{7F0F8D4E-1B96-4769-82BD-5EBD515BC79C}"
EndProject
Project("{FAE04EC0-301F-11D3-BF4B-00C04F79EFBC}") = "OS04_09", "OS04_09\OS04_09.csproj", "{38B394B8-4210-4DFC-BD33-4A1A6B55C688}"
EndProject
Project("{FAE04EC0-301F-11D3-BF4B-00C04F79EFBC}") = "OS04_10", "OS04_10\OS04_10.csproj", "{36A53D96-26A5-4CC4-8411-C7987A272FB1}"
EndProject
Global
	GlobalSection(SolutionConfigurationPlatforms) = preSolution
		Debug|Any CPU = Debug|Any CPU
		Debug|x64 = Debug|x64
		Debug|x86 = Debug|x86
		Release|Any CPU = Release|Any CPU
		Release|x64 = Release|x64
		Release|x86 = Release|x86
	EndGlobalSection
	GlobalSection(ProjectConfigurationPlatforms) = postSolution
		{AE8026E3-65E3-4EEF-B31F-59294FCCDB6A}.Debug|Any CPU.ActiveCfg = Debug|x64
		{AE8026E3-65E3-4EEF-B31F-59294FCCDB6A}.Debug|Any CPU.Build.0 = Debug|x64
		{AE8026E3-65E3-4EEF-B31F-59294FCCDB6A}.Debug|x64.ActiveCfg = Debug|x64
		{AE8026E3-65E3-4EEF-B31F-59294FCCDB6A}.Debug|x64.Build.0 = Debug|x64
		{AE8026E3-65E3-4EEF-B31F-59294FCCDB6A}.Debug|x86.ActiveCfg = Debug|Win32
		{AE8026E3-65E3-4EEF-B31F-59294FCCDB6A}.Debug|x86.Build.0 = Debug|Win32
		{AE8026E3-65E3-4EEF-B31F-59294FCCDB6A}.Release|Any CPU.ActiveCfg = Release|x64
		{AE8026E3-65E3-4EEF-B31F-59294FCCDB6A}.Release|Any CPU.Build.0 = Release|x64
		{AE8026E3-65E3-4EEF-B31F-59294FCCDB6A}.Release|x64.ActiveCfg = Release|x64
		{AE8026E3-65E3-4EEF-B31F-59294FCCDB6A}.Release|x64.Build.0 = Release|x64
		{AE8026E3-65E3-4EEF-B31F-59294FCCDB6A}.Release|x86.ActiveCfg = Release|Win32
		{AE8026E3-65E3-4EEF-B31F-59294FCCDB6A}.Release|x86.Build.0 = Release|Win32
		{FF185483-61AC-4D50-94B7-047C19212ACF}.Debug|Any CPU.ActiveCfg = Debug|x64
		{FF185483-61AC-4D50-94B7-047C19212ACF}.Debug|Any CPU.Build.0 = Debug|x64
		{FF185483-61AC-4D50-94B7-047C19212ACF}.Debug|x64.ActiveCfg = Debug|x64
		{FF185483-61AC-4D50-94B7-047C19212ACF}.Debug|x64.Build.0 = Debug|x64
		{FF185483-61AC-4D50-94B7-047C19212ACF}.Debug|x86.ActiveCfg = Debug|Win32
		{FF185483-61AC-4D50-94B7-047C19212ACF}.Debug|x86.Build.0 = Debug|Win32
		{FF185483-61AC-4D50-94B7-047C19212ACF}.Release|Any CPU.ActiveCfg = Release|x64
		{FF185483-61AC-4D50-94B7-047C19212ACF}.Release|Any CPU.Build.0 = Release|x64
		{FF185483-61AC-4D50-94B7-047C19212ACF}.Release|x64.ActiveCfg = Release|x64
		{FF185483-61AC-4D50-94B7-047C19212ACF}.Release|x64.Build.0 = Release|x64
		{FF185483-61AC-4D50-94B7-047C19212ACF}.Release|x86.ActiveCfg = Release|Win32
		{FF185483-61AC-4D50-94B7-047C19212ACF}.Release|x86.Build.0 = Release|Win32
		{7DB2F5E1-EF9D-4CBB-8F08-E11329DA6011}.Debug|Any CPU.ActiveCfg = Debug|x64
		{7DB2F5E1-EF9D-4CBB-8F08-E11329DA6011}.Debug|Any CPU.Build.0 = Debug|x64
		{7DB2F5E1-EF9D-4CBB-8F08-E11329DA6011}.Debug|x64.ActiveCfg = Debug|x64
		{7DB2F5E1-EF9D-4CBB-8F08-E11329DA6011}.Debug|x64.Build.0 = Debug|x64
		{7DB2F5E1-EF9D-4CBB-8F08-E11329DA6011}.Debug|x86.ActiveCfg = Debug|Win32
		{7DB2F5E1-EF9D-4CBB-8F08-E11329DA6011}.Debug|x86.Build.0 = Debug|Win32
		{7DB2F5E1-EF9D-4CBB-8F08-E11329DA6011}.Release|Any CPU.ActiveCfg = Release|x64
		{7DB2F5E1-EF9D-4CBB-8F08-E11329DA6011}.Release|Any CPU.Build.0 = Release|x64
		{7DB2F5E1-EF9D-4CBB-8F08-E11329DA6011}.Release|x64.ActiveCfg = Release|x64
		{7DB2F5E1-EF9D-4CBB-8F08-E11329DA6011}.Release|x64.Build.0 = Release|x64
		{7DB2F5E1-EF9D-4CBB-8F08-E11329DA6011}.Release|x86.ActiveCfg = Release|Win32
		{7DB2F5E1-EF9D-4CBB-8F08-E11329DA6011}.Release|x86.Build.0 = Release|Win32
		{CE9284C7-7D37-4BDC-9295-DDE3DD429E21}.Debug|Any CPU.ActiveCfg = Debug|Any CPU
		{CE9284C7-7D37-4BDC-9295-DDE3DD429E21}.Debug|Any CPU.Build.0 = Debug|Any CPU
		{CE9284C7-7D37-4BDC-9295-DDE3DD429E21}.Debug|x64.ActiveCfg = Debug|Any CPU
		{CE9284C7-7D37-4BDC-9295-DDE3DD429E21}.Debug|x64.Build.0 = Debug|Any CPU
		{CE9284C7-7D37-4BDC-9295-DDE3DD429E21}.Debug|x86.ActiveCfg = Debug|Any CPU
		{CE9284C7-7D37-4BDC-9295-DDE3DD429E21}.Debug|x86.Build.0 = Debug|Any CPU
		{CE9284C7-7D37-4BDC-9295-DDE3DD429E21}.Release|Any CPU.ActiveCfg = Release|Any CPU
		{CE9284C7-7D37-4BDC-9295-DDE3DD429E21}.Release|Any CPU.Build.0 = Release|Any CPU
		{CE9284C7-7D37-4BDC-9295-DDE3DD429E21}.Release|x64.ActiveCfg = Release|Any CPU
		{CE9284C7-7D37-4BDC-9295-DDE3DD429E21}.Release|x64.Build.0 = Release|Any CPU
		{CE9284C7-7D37-4BDC-9295-DDE3DD429E21}.Release|x86.ActiveCfg = Release|Any CPU
		{CE9284C7-7D37-4BDC-9295-DDE3DD429E21}.Release|x86.Build.0 = Release|Any CPU
		{0CA20092-371C-433A-AC60-56839FE18B58}.Debug|Any CPU.ActiveCfg = Debug|Any CPU
		{0CA20092-371C-433A-AC60-56839FE18B58}.Debug|Any CPU.Build.0 = Debug|Any CPU
		{0CA20092-371C-433A-AC60-56839FE18B58}.Debug|x64.ActiveCfg = Debug|Any CPU
		{0CA20092-371C-433A-AC60-56839FE18B58}.Debug|x64.Build.0 = Debug|Any CPU
		{0CA20092-371C-433A-AC60-56839FE18B58}.Debug|x86.ActiveCfg = Debug|Any CPU
		{0CA20092-371C-433A-AC60-56839FE18B58}.Debug|x86.Build.0 = Debug|Any CPU
		{0CA20092-371C-433A-AC60-56839FE18B58}.Release|Any CPU.ActiveCfg = Release|Any CPU
		{0CA20092-371C-433A-AC60-56839FE18B58}.Release|Any CPU.Build.0 = Release|Any CPU
		{0CA20092-371C-433A-AC60-56839FE18B58}.Release|x64.ActiveCfg = Release|Any CPU
		{0CA20092-371C-433A-AC60-56839FE18B58}.Release|x64.Build.0 = Release|Any CPU
		{0CA20092-371C-433A-AC60-56839FE18B58}.Release|x86.ActiveCfg = Release|Any CPU
		{0CA20092-371C-433A-AC60-56839FE18B58}.Release|x86.Build.0 = Release|Any CPU
		{E86F3780-1F0F-4BA8-B062-C6B5B2688D5A}.Debug|Any CPU.ActiveCfg = Debug|Any CPU
		{E86F3780-1F0F-4BA8-B062-C6B5B2688D5A}.Debug|Any CPU.Build.0 = Debug|Any CPU
		{E86F3780-1F0F-4BA8-B062-C6B5B2688D5A}.Debug|x64.ActiveCfg = Debug|Any CPU
		{E86F3780-1F0F-4BA8-B062-C6B5B2688D5A}.Debug|x64.Build.0 = Debug|Any CPU
		{E86F3780-1F0F-4BA8-B062-C6B5B2688D5A}.Debug|x86.ActiveCfg = Debug|Any CPU
		{E86F3780-1F0F-4BA8-B062-C6B5B2688D5A}.Debug|x86.Build.0 = Debug|Any CPU
		{E86F3780-1F0F-4BA8-B062-C6B5B2688D5A}.Release|Any CPU.ActiveCfg = Release|Any CPU
		{E86F3780-1F0F-4BA8-B062-C6B5B2688D5A}.Release|Any CPU.Build.0 = Release|Any CPU
		{E86F3780-1F0F-4BA8-B062-C6B5B2688D5A}.Release|x64.ActiveCfg = Release|Any CPU
		{E86F3780-1F0F-4BA8-B062-C6B5B2688D5A}.Release|x64.Build.0 = Release|Any CPU
		{E86F3780-1F0F-4BA8-B062-C6B5B2688D5A}.Release|x86.ActiveCfg = Release|Any CPU
		{E86F3780-1F0F-4BA8-B062-C6B5B2688D5A}.Release|x86.Build.0 = Release|Any CPU
		{9E2D5532-3E6D-48E5-8F68-7ECF0FE91E40}.Debug|Any CPU.ActiveCfg = Debug|Any CPU
		{9E2D5532-3E6D-48E5-8F68-7ECF0FE91E40}.Debug|Any CPU.Build.0 = Debug|Any CPU
		{9E2D5532-3E6D-48E5-8F68-7ECF0FE91E40}.Debug|x64.ActiveCfg = Debug|Any CPU
		{9E2D5532-3E6D-48E5-8F68-7ECF0FE91E40}.Debug|x64.Build.0 = Debug|Any CPU
		{9E2D5532-3E6D-48E5-8F68-7ECF0FE91E40}.Debug|x86.ActiveCfg = Debug|Any CPU
		{9E2D5532-3E6D-48E5-8F68-7ECF0FE91E40}.Debug|x86.Build.0 = Debug|Any CPU
		{9E2D5532-3E6D-48E5-8F68-7ECF0FE91E40}.Release|Any CPU.ActiveCfg = Release|Any CPU
		{9E2D5532-3E6D-48E5-8F68-7ECF0FE91E40}.Release|Any CPU.Build.0 = Release|Any CPU
		{9E2D5532-3E6D-48E5-8F68-7ECF0FE91E40}.Release|x64.ActiveCfg = Release|Any CPU
		{9E2D5532-3E6D-48E5-8F68-7ECF0FE91E40}.Release|x64.Build.0 = Release|Any CPU
		{9E2D5532-3E6D-48E5-8F68-7ECF0FE91E40}.Release|x86.ActiveCfg = Release|Any CPU
		{9E2D5532-3E6D-48E5-8F68-7ECF0FE91E40}.Release|x86.Build.0 = Release|Any CPU
		{7F0F8D4E-1B96-4769-82BD-5EBD515BC79C}.Debug|Any CPU.ActiveCfg = Debug|Any CPU
		{7F0F8D4E-1B96-4769-82BD-5EBD515BC79C}.Debug|Any CPU.Build.0 = Debug|Any CPU
		{7F0F8D4E-1B96-4769-82BD-5EBD515BC79C}.Debug|x64.ActiveCfg = Debug|Any CPU
		{7F0F8D4E-1B96-4769-82BD-5EBD515BC79C}.Debug|x64.Build.0 = Debug|Any CPU
		{7F0F8D4E-1B96-4769-82BD-5EBD515BC79C}.Debug|x86.ActiveCfg = Debug|Any CPU
		{7F0F8D4E-1B96-4769-82BD-5EBD515BC79C}.Debug|x86.Build.0 = Debug|Any CPU
		{7F0F8D4E-1B96-4769-82BD-5EBD515BC79C}.Release|Any CPU.ActiveCfg = Release|Any CPU
		{7F0F8D4E-1B96-4769-82BD-5EBD515BC79C}.Release|Any CPU.Build.0 = Release|Any CPU
		{7F0F8D4E-1B96-4769-82BD-5EBD515BC79C}.Release|x64.ActiveCfg = Release|Any CPU
		{7F0F8D4E-1B96-4769-82BD-5EBD515BC79C}.Release|x64.Build.0 = Release|Any CPU
		{7F0F8D4E-1B96-4769-82BD-5EBD515BC79C}.Release|x86.ActiveCfg = Release|Any CPU
		{7F0F8D4E-1B96-4769-82BD-5EBD515BC79C}.Release|x86.Build.0 = Release|Any CPU
		{38B394B8-4210-4DFC-BD33-4A1A6B55C688}.Debug|Any CPU.ActiveCfg = Debug|Any CPU
		{38B394B8-4210-4DFC-BD33-4A1A6B55C688}.Debug|Any CPU.Build.0 = Debug|Any CPU
		{38B394B8-4210-4DFC-BD33-4A1A6B55C688}.Debug|x64.ActiveCfg = Debug|Any CPU
		{38B394B8-4210-4DFC-BD33-4A1A6B55C688}.Debug|x64.Build.0 = Debug|Any CPU
		{38B394B8-4210-4DFC-BD33-4A1A6B55C688}.Debug|x86.ActiveCfg = Debug|Any CPU
		{38B394B8-4210-4DFC-BD33-4A1A6B55C688}.Debug|x86.Build.0 = Debug|Any CPU
		{38B394B8-4210-4DFC-BD33-4A1A6B55C688}.Release|Any CPU.ActiveCfg = Release|Any CPU
		{38B394B8-4210-4DFC-BD33-4A1A6B55C688}.Release|Any CPU.Build.0 = Release|Any CPU
		{38B394B8-4210-4DFC-BD33-4A1A6B55C688}.Release|x64.ActiveCfg = Release|Any CPU
		{38B394B8-4210-4DFC-BD33-4A1A6B55C688}.Release|x64.Build.0 = Release|Any CPU
		{38B394B8-4210-4DFC-BD33-4A1A6B55C688}.Release|x86.ActiveCfg = Release|Any CPU
		{38B394B8-4210-4DFC-BD33-4A1A6B55C688}.Release|x86.Build.0 = Release|Any CPU
		{36A53D96-26A5-4CC4-8411-C7987A272FB1}.Debug|Any CPU.ActiveCfg = Debug|Any CPU
		{36A53D96-26A5-4CC4-8411-C7987A272FB1}.Debug|Any CPU.Build.0 = Debug|Any CPU
		{36A53D96-26A5-4CC4-8411-C7987A272FB1}.Debug|x64.ActiveCfg = Debug|Any CPU
		{36A53D96-26A5-4CC4-8411-C7987A272FB1}.Debug|x64.Build.0 = Debug|Any CPU
		{36A53D96-26A5-4CC4-8411-C7987A272FB1}.Debug|x86.ActiveCfg = Debug|Any CPU
		{36A53D96-26A5-4CC4-8411-C7987A272FB1}.Debug|x86.Build.0 = Debug|Any CPU
		{36A53D96-26A5-4CC4-8411-C7987A272FB1}.Release|Any CPU.ActiveCfg = Release|Any CPU
		{36A53D96-26A5-4CC4-8411-C7987A272FB1}.Release|Any CPU.Build.0 = Release|Any CPU
		{36A53D96-26A5-4CC4-8411-C7987A272FB1}.Release|x64.ActiveCfg = Release|Any CPU
		{36A53D96-26A5-4CC4-8411-C7987A272FB1}.Release|x64.Build.0 = Release|Any CPU
		{36A53D96-26A5-4CC4-8411-C7987A272FB1}.Release|x86.ActiveCfg = Release|Any CPU
		{36A53D96-26A5-4CC4-8411-C7987A272FB1}.Release|x86.Build.0 = Release|Any CPU
	EndGlobalSection
	GlobalSection(SolutionProperties) = preSolution
		HideSolutionNode = FALSE
	EndGlobalSection
	GlobalSection(ExtensibilityGlobals) = postSolution
		SolutionGuid = {A8588E02-DA79-40EF-9B71-359AACE75539}
	EndGlobalSection
EndGlobal
