
Microsoft Visual Studio Solution File, Format Version 12.00
# Visual Studio Version 17
VisualStudioVersion = 17.7.34024.191
MinimumVisualStudioVersion = 10.0.40219.1
Project("{8BC9CEB8-8B4A-11D0-8D11-00A0C91BC942}") = "OS06_01", "OS06_01\OS06_01.vcxproj", "{29280397-5C2D-4C21-A226-1B6736DD3A65}"
EndProject
Project("{8BC9CEB8-8B4A-11D0-8D11-00A0C91BC942}") = "OS06_02", "OS06_02\OS06_02.vcxproj", "{9429CA15-EB3A-443F-ACFD-1F5200A84F46}"
EndProject
Project("{8BC9CEB8-8B4A-11D0-8D11-00A0C91BC942}") = "OS06_03A", "OS06_03A\OS06_03A.vcxproj", "{35C05BD4-27FE-4C5B-A337-12458E0B2288}"
EndProject
Project("{8BC9CEB8-8B4A-11D0-8D11-00A0C91BC942}") = "OS06_03B", "OS06_03B\OS06_03B.vcxproj", "{91CB208E-7F0F-4285-B0F0-B56C74AC8362}"
EndProject
Project("{8BC9CEB8-8B4A-11D0-8D11-00A0C91BC942}") = "OS06_03", "OS06_03\OS06_03.vcxproj", "{04EA9CD2-CF81-46FC-B3CE-24BCB7E29BF1}"
EndProject
Project("{8BC9CEB8-8B4A-11D0-8D11-00A0C91BC942}") = "OS06_04A", "OS06_04A\OS06_04A.vcxproj", "{C3851057-4835-49C3-A997-2B6954664F37}"
EndProject
Project("{8BC9CEB8-8B4A-11D0-8D11-00A0C91BC942}") = "OS06_04B", "OS06_04B\OS06_04B.vcxproj", "{6E7F2C32-FCA2-48D8-9A69-416C9F54BC0C}"
EndProject
Project("{8BC9CEB8-8B4A-11D0-8D11-00A0C91BC942}") = "OS06_04", "OS06_04\OS06_04.vcxproj", "{018B8C17-CE70-4590-8F68-0724D8F62825}"
EndProject
Project("{8BC9CEB8-8B4A-11D0-8D11-00A0C91BC942}") = "OS06_05A", "OS06_05A\OS06_05A.vcxproj", "{5A0FDE36-867F-4E10-B978-D8EBFC5DF6DC}"
EndProject
Project("{8BC9CEB8-8B4A-11D0-8D11-00A0C91BC942}") = "OS06_05B", "OS06_05B\OS06_05B.vcxproj", "{13063EA8-69A8-48F7-9A13-8EF76962444E}"
EndProject
Project("{8BC9CEB8-8B4A-11D0-8D11-00A0C91BC942}") = "OS06_05", "OS06_05\OS06_05.vcxproj", "{E291488D-C573-4063-BF3B-D2BC4EE8E44A}"
EndProject
Global
	GlobalSection(SolutionConfigurationPlatforms) = preSolution
		Debug|x64 = Debug|x64
		Debug|x86 = Debug|x86
		Release|x64 = Release|x64
		Release|x86 = Release|x86
	EndGlobalSection
	GlobalSection(ProjectConfigurationPlatforms) = postSolution
		{29280397-5C2D-4C21-A226-1B6736DD3A65}.Debug|x64.ActiveCfg = Debug|x64
		{29280397-5C2D-4C21-A226-1B6736DD3A65}.Debug|x64.Build.0 = Debug|x64
		{29280397-5C2D-4C21-A226-1B6736DD3A65}.Debug|x86.ActiveCfg = Debug|Win32
		{29280397-5C2D-4C21-A226-1B6736DD3A65}.Debug|x86.Build.0 = Debug|Win32
		{29280397-5C2D-4C21-A226-1B6736DD3A65}.Release|x64.ActiveCfg = Release|x64
		{29280397-5C2D-4C21-A226-1B6736DD3A65}.Release|x64.Build.0 = Release|x64
		{29280397-5C2D-4C21-A226-1B6736DD3A65}.Release|x86.ActiveCfg = Release|Win32
		{29280397-5C2D-4C21-A226-1B6736DD3A65}.Release|x86.Build.0 = Release|Win32
		{9429CA15-EB3A-443F-ACFD-1F5200A84F46}.Debug|x64.ActiveCfg = Debug|x64
		{9429CA15-EB3A-443F-ACFD-1F5200A84F46}.Debug|x64.Build.0 = Debug|x64
		{9429CA15-EB3A-443F-ACFD-1F5200A84F46}.Debug|x86.ActiveCfg = Debug|Win32
		{9429CA15-EB3A-443F-ACFD-1F5200A84F46}.Debug|x86.Build.0 = Debug|Win32
		{9429CA15-EB3A-443F-ACFD-1F5200A84F46}.Release|x64.ActiveCfg = Release|x64
		{9429CA15-EB3A-443F-ACFD-1F5200A84F46}.Release|x64.Build.0 = Release|x64
		{9429CA15-EB3A-443F-ACFD-1F5200A84F46}.Release|x86.ActiveCfg = Release|Win32
		{9429CA15-EB3A-443F-ACFD-1F5200A84F46}.Release|x86.Build.0 = Release|Win32
		{35C05BD4-27FE-4C5B-A337-12458E0B2288}.Debug|x64.ActiveCfg = Debug|x64
		{35C05BD4-27FE-4C5B-A337-12458E0B2288}.Debug|x64.Build.0 = Debug|x64
		{35C05BD4-27FE-4C5B-A337-12458E0B2288}.Debug|x86.ActiveCfg = Debug|Win32
		{35C05BD4-27FE-4C5B-A337-12458E0B2288}.Debug|x86.Build.0 = Debug|Win32
		{35C05BD4-27FE-4C5B-A337-12458E0B2288}.Release|x64.ActiveCfg = Release|x64
		{35C05BD4-27FE-4C5B-A337-12458E0B2288}.Release|x64.Build.0 = Release|x64
		{35C05BD4-27FE-4C5B-A337-12458E0B2288}.Release|x86.ActiveCfg = Release|Win32
		{35C05BD4-27FE-4C5B-A337-12458E0B2288}.Release|x86.Build.0 = Release|Win32
		{91CB208E-7F0F-4285-B0F0-B56C74AC8362}.Debug|x64.ActiveCfg = Debug|x64
		{91CB208E-7F0F-4285-B0F0-B56C74AC8362}.Debug|x64.Build.0 = Debug|x64
		{91CB208E-7F0F-4285-B0F0-B56C74AC8362}.Debug|x86.ActiveCfg = Debug|Win32
		{91CB208E-7F0F-4285-B0F0-B56C74AC8362}.Debug|x86.Build.0 = Debug|Win32
		{91CB208E-7F0F-4285-B0F0-B56C74AC8362}.Release|x64.ActiveCfg = Release|x64
		{91CB208E-7F0F-4285-B0F0-B56C74AC8362}.Release|x64.Build.0 = Release|x64
		{91CB208E-7F0F-4285-B0F0-B56C74AC8362}.Release|x86.ActiveCfg = Release|Win32
		{91CB208E-7F0F-4285-B0F0-B56C74AC8362}.Release|x86.Build.0 = Release|Win32
		{04EA9CD2-CF81-46FC-B3CE-24BCB7E29BF1}.Debug|x64.ActiveCfg = Debug|x64
		{04EA9CD2-CF81-46FC-B3CE-24BCB7E29BF1}.Debug|x64.Build.0 = Debug|x64
		{04EA9CD2-CF81-46FC-B3CE-24BCB7E29BF1}.Debug|x86.ActiveCfg = Debug|Win32
		{04EA9CD2-CF81-46FC-B3CE-24BCB7E29BF1}.Debug|x86.Build.0 = Debug|Win32
		{04EA9CD2-CF81-46FC-B3CE-24BCB7E29BF1}.Release|x64.ActiveCfg = Release|x64
		{04EA9CD2-CF81-46FC-B3CE-24BCB7E29BF1}.Release|x64.Build.0 = Release|x64
		{04EA9CD2-CF81-46FC-B3CE-24BCB7E29BF1}.Release|x86.ActiveCfg = Release|Win32
		{04EA9CD2-CF81-46FC-B3CE-24BCB7E29BF1}.Release|x86.Build.0 = Release|Win32
		{C3851057-4835-49C3-A997-2B6954664F37}.Debug|x64.ActiveCfg = Debug|x64
		{C3851057-4835-49C3-A997-2B6954664F37}.Debug|x64.Build.0 = Debug|x64
		{C3851057-4835-49C3-A997-2B6954664F37}.Debug|x86.ActiveCfg = Debug|Win32
		{C3851057-4835-49C3-A997-2B6954664F37}.Debug|x86.Build.0 = Debug|Win32
		{C3851057-4835-49C3-A997-2B6954664F37}.Release|x64.ActiveCfg = Release|x64
		{C3851057-4835-49C3-A997-2B6954664F37}.Release|x64.Build.0 = Release|x64
		{C3851057-4835-49C3-A997-2B6954664F37}.Release|x86.ActiveCfg = Release|Win32
		{C3851057-4835-49C3-A997-2B6954664F37}.Release|x86.Build.0 = Release|Win32
		{6E7F2C32-FCA2-48D8-9A69-416C9F54BC0C}.Debug|x64.ActiveCfg = Debug|x64
		{6E7F2C32-FCA2-48D8-9A69-416C9F54BC0C}.Debug|x64.Build.0 = Debug|x64
		{6E7F2C32-FCA2-48D8-9A69-416C9F54BC0C}.Debug|x86.ActiveCfg = Debug|Win32
		{6E7F2C32-FCA2-48D8-9A69-416C9F54BC0C}.Debug|x86.Build.0 = Debug|Win32
		{6E7F2C32-FCA2-48D8-9A69-416C9F54BC0C}.Release|x64.ActiveCfg = Release|x64
		{6E7F2C32-FCA2-48D8-9A69-416C9F54BC0C}.Release|x64.Build.0 = Release|x64
		{6E7F2C32-FCA2-48D8-9A69-416C9F54BC0C}.Release|x86.ActiveCfg = Release|Win32
		{6E7F2C32-FCA2-48D8-9A69-416C9F54BC0C}.Release|x86.Build.0 = Release|Win32
		{018B8C17-CE70-4590-8F68-0724D8F62825}.Debug|x64.ActiveCfg = Debug|x64
		{018B8C17-CE70-4590-8F68-0724D8F62825}.Debug|x64.Build.0 = Debug|x64
		{018B8C17-CE70-4590-8F68-0724D8F62825}.Debug|x86.ActiveCfg = Debug|Win32
		{018B8C17-CE70-4590-8F68-0724D8F62825}.Debug|x86.Build.0 = Debug|Win32
		{018B8C17-CE70-4590-8F68-0724D8F62825}.Release|x64.ActiveCfg = Release|x64
		{018B8C17-CE70-4590-8F68-0724D8F62825}.Release|x64.Build.0 = Release|x64
		{018B8C17-CE70-4590-8F68-0724D8F62825}.Release|x86.ActiveCfg = Release|Win32
		{018B8C17-CE70-4590-8F68-0724D8F62825}.Release|x86.Build.0 = Release|Win32
		{5A0FDE36-867F-4E10-B978-D8EBFC5DF6DC}.Debug|x64.ActiveCfg = Debug|x64
		{5A0FDE36-867F-4E10-B978-D8EBFC5DF6DC}.Debug|x64.Build.0 = Debug|x64
		{5A0FDE36-867F-4E10-B978-D8EBFC5DF6DC}.Debug|x86.ActiveCfg = Debug|Win32
		{5A0FDE36-867F-4E10-B978-D8EBFC5DF6DC}.Debug|x86.Build.0 = Debug|Win32
		{5A0FDE36-867F-4E10-B978-D8EBFC5DF6DC}.Release|x64.ActiveCfg = Release|x64
		{5A0FDE36-867F-4E10-B978-D8EBFC5DF6DC}.Release|x64.Build.0 = Release|x64
		{5A0FDE36-867F-4E10-B978-D8EBFC5DF6DC}.Release|x86.ActiveCfg = Release|Win32
		{5A0FDE36-867F-4E10-B978-D8EBFC5DF6DC}.Release|x86.Build.0 = Release|Win32
		{13063EA8-69A8-48F7-9A13-8EF76962444E}.Debug|x64.ActiveCfg = Debug|x64
		{13063EA8-69A8-48F7-9A13-8EF76962444E}.Debug|x64.Build.0 = Debug|x64
		{13063EA8-69A8-48F7-9A13-8EF76962444E}.Debug|x86.ActiveCfg = Debug|Win32
		{13063EA8-69A8-48F7-9A13-8EF76962444E}.Debug|x86.Build.0 = Debug|Win32
		{13063EA8-69A8-48F7-9A13-8EF76962444E}.Release|x64.ActiveCfg = Release|x64
		{13063EA8-69A8-48F7-9A13-8EF76962444E}.Release|x64.Build.0 = Release|x64
		{13063EA8-69A8-48F7-9A13-8EF76962444E}.Release|x86.ActiveCfg = Release|Win32
		{13063EA8-69A8-48F7-9A13-8EF76962444E}.Release|x86.Build.0 = Release|Win32
		{E291488D-C573-4063-BF3B-D2BC4EE8E44A}.Debug|x64.ActiveCfg = Debug|x64
		{E291488D-C573-4063-BF3B-D2BC4EE8E44A}.Debug|x64.Build.0 = Debug|x64
		{E291488D-C573-4063-BF3B-D2BC4EE8E44A}.Debug|x86.ActiveCfg = Debug|Win32
		{E291488D-C573-4063-BF3B-D2BC4EE8E44A}.Debug|x86.Build.0 = Debug|Win32
		{E291488D-C573-4063-BF3B-D2BC4EE8E44A}.Release|x64.ActiveCfg = Release|x64
		{E291488D-C573-4063-BF3B-D2BC4EE8E44A}.Release|x64.Build.0 = Release|x64
		{E291488D-C573-4063-BF3B-D2BC4EE8E44A}.Release|x86.ActiveCfg = Release|Win32
		{E291488D-C573-4063-BF3B-D2BC4EE8E44A}.Release|x86.Build.0 = Release|Win32
	EndGlobalSection
	GlobalSection(SolutionProperties) = preSolution
		HideSolutionNode = FALSE
	EndGlobalSection
	GlobalSection(ExtensibilityGlobals) = postSolution
		SolutionGuid = {4ABE5537-7532-475A-9F44-FEF75E37DF63}
	EndGlobalSection
EndGlobal
