<?xml version="1.0" encoding="utf-8"?>
<Project ToolsVersion="17.0" xmlns="http://schemas.microsoft.com/developer/msbuild/2003">
  <ItemGroup>
    <ClCompile Include="C:\Лабы\Системное программирование\lab4\ComSampleService\ClassFactory.cpp">
      <Filter>Source Files</Filter>
    </ClCompile>
    <ClCompile Include="C:\Лабы\Системное программирование\lab4\ComSampleService\CComServiceTest.cpp">
      <Filter>Source Files</Filter>
    </ClCompile>
    <ClCompile Include="C:\Лабы\Системное программирование\lab4\ComSampleService\Register.cpp">
      <Filter>Source Files</Filter>
    </ClCompile>
    <ClCompile Include="C:\Лабы\Системное программирование\lab4\ComSampleService\Service.cpp">
      <Filter>Source Files</Filter>
    </ClCompile>
    <ClCompile Include="C:\Лабы\Системное программирование\lab4\ComSampleService\Main.cpp">
      <Filter>Source Files</Filter>
    </ClCompile>
  </ItemGroup>
  <ItemGroup>
    <CustomBuild Include="C:\Лабы\Системное программирование\lab4\ComSampleService\CMakeLists.txt" />
  </ItemGroup>
  <ItemGroup>
    <Filter Include="Source Files">
      <UniqueIdentifier>{61684ACD-4C3A-3102-9D13-2D8D90A70F82}</UniqueIdentifier>
    </Filter>
  </ItemGroup>
</Project>
